// !$*UTF8*$!
{
	archiveVersion = 1;
	classes = {
	};
	objectVersion = 77;
	objects = {

/* Begin PBXBuildFile section */
		CB6BE1D32CF0D55100396F6D /* SwiftCSVEncoder in Frameworks */ = {isa = PBXBuildFile; productRef = CB6BE1D22CF0D55100396F6D /* SwiftCSVEncoder */; };
		CBD786B12CD6CED10034A24C /* WatchHARApp Watch App.app in Embed Watch Content */ = {isa = PBXBuildFile; fileRef = CBD7868E2CD6CECE0034A24C /* WatchHARApp Watch App.app */; settings = {ATTRIBUTES = (RemoveHeadersOnCopy, ); }; };
		CBD786C02CD6CF350034A24C /* WatchConnectivity.framework in Frameworks */ = {isa = PBXBuildFile; fileRef = CBD786BF2CD6CF350034A24C /* WatchConnectivity.framework */; };
/* End PBXBuildFile section */

/* Begin PBXContainerItemProxy section */
		CB12AFFB2D05EEF400D5F251 /* PBXContainerItemProxy */ = {
			isa = PBXContainerItemProxy;
			containerPortal = CB0539262CACA01E00864980 /* Project object */;
			proxyType = 1;
			remoteGlobalIDString = CB05392D2CACA01E00864980;
			remoteInfo = "HAR APP";
		};
		CBD786AF2CD6CED10034A24C /* PBXContainerItemProxy */ = {
			isa = PBXContainerItemProxy;
			containerPortal = CB0539262CACA01E00864980 /* Project object */;
			proxyType = 1;
			remoteGlobalIDString = CBD7868D2CD6CECE0034A24C;
			remoteInfo = "WatchHARApp Watch App";
		};
/* End PBXContainerItemProxy section */

/* Begin PBXCopyFilesBuildPhase section */
		CBD786B52CD6CED10034A24C /* Embed Watch Content */ = {
			isa = PBXCopyFilesBuildPhase;
			buildActionMask = 2147483647;
			dstPath = "$(CONTENTS_FOLDER_PATH)/Watch";
			dstSubfolderSpec = 16;
			files = (
				CBD786B12CD6CED10034A24C /* WatchHARApp Watch App.app in Embed Watch Content */,
			);
			name = "Embed Watch Content";
			runOnlyForDeploymentPostprocessing = 0;
		};
/* End PBXCopyFilesBuildPhase section */

/* Begin PBXFileReference section */
		CB05392E2CACA01E00864980 /* HAR APP.app */ = {isa = PBXFileReference; explicitFileType = wrapper.application; includeInIndex = 0; path = "HAR APP.app"; sourceTree = BUILT_PRODUCTS_DIR; };
		CB12AFF72D05EEF300D5F251 /* HAR_APP_Unit_Tests.xctest */ = {isa = PBXFileReference; explicitFileType = wrapper.cfbundle; includeInIndex = 0; path = HAR_APP_Unit_Tests.xctest; sourceTree = BUILT_PRODUCTS_DIR; };
		CB12B0022D05EFDB00D5F251 /* IOSTestPlan.xctestplan */ = {isa = PBXFileReference; lastKnownFileType = text; path = IOSTestPlan.xctestplan; sourceTree = "<group>"; };
		CB44E9032CE68F7D00A51762 /* HAR-APP-Info.plist */ = {isa = PBXFileReference; lastKnownFileType = text.plist; path = "HAR-APP-Info.plist"; sourceTree = "<group>"; };
		CB9E81BC2CE37115004A0081 /* WatchHARApp-Watch-App-Info.plist */ = {isa = PBXFileReference; lastKnownFileType = text.plist; path = "WatchHARApp-Watch-App-Info.plist"; sourceTree = "<group>"; };
		CBD7868E2CD6CECE0034A24C /* WatchHARApp Watch App.app */ = {isa = PBXFileReference; explicitFileType = wrapper.application; includeInIndex = 0; path = "WatchHARApp Watch App.app"; sourceTree = BUILT_PRODUCTS_DIR; };
		CBD786BF2CD6CF350034A24C /* WatchConnectivity.framework */ = {isa = PBXFileReference; lastKnownFileType = wrapper.framework; name = WatchConnectivity.framework; path = System/Library/Frameworks/WatchConnectivity.framework; sourceTree = SDKROOT; };
		CBEFCE9B2CF61A2C007012AD /* WatchHARApp Watch App.entitlements */ = {isa = PBXFileReference; lastKnownFileType = text.plist.entitlements; name = "WatchHARApp Watch App.entitlements"; path = "WatchHARApp Watch App/WatchHARApp Watch App.entitlements"; sourceTree = "<group>"; };
/* End PBXFileReference section */

/* Begin PBXFileSystemSynchronizedRootGroup section */
		CB0539302CACA01E00864980 /* HAR APP */ = {
			isa = PBXFileSystemSynchronizedRootGroup;
			name = "HAR APP";
			path = "../HAR APP";
			sourceTree = "<group>";
		};
		CB12AFF82D05EEF400D5F251 /* HAR_APP_Unit_Tests */ = {
			isa = PBXFileSystemSynchronizedRootGroup;
			path = HAR_APP_Unit_Tests;
			sourceTree = "<group>";
		};
		CBD7868F2CD6CECE0034A24C /* WatchHARApp Watch App */ = {
			isa = PBXFileSystemSynchronizedRootGroup;
			name = "WatchHARApp Watch App";
			path = "../WatchHARApp Watch App";
			sourceTree = "<group>";
		};
/* End PBXFileSystemSynchronizedRootGroup section */

/* Begin PBXFrameworksBuildPhase section */
		CB05392B2CACA01E00864980 /* Frameworks */ = {
			isa = PBXFrameworksBuildPhase;
			buildActionMask = 2147483647;
			files = (
				CB6BE1D32CF0D55100396F6D /* SwiftCSVEncoder in Frameworks */,
				CBD786C02CD6CF350034A24C /* WatchConnectivity.framework in Frameworks */,
			);
			runOnlyForDeploymentPostprocessing = 0;
		};
		CB12AFF42D05EEF300D5F251 /* Frameworks */ = {
			isa = PBXFrameworksBuildPhase;
			buildActionMask = 2147483647;
			files = (
			);
			runOnlyForDeploymentPostprocessing = 0;
		};
		CBD7868B2CD6CECE0034A24C /* Frameworks */ = {
			isa = PBXFrameworksBuildPhase;
			buildActionMask = 2147483647;
			files = (
			);
			runOnlyForDeploymentPostprocessing = 0;
		};
/* End PBXFrameworksBuildPhase section */

/* Begin PBXGroup section */
		CB0539252CACA01E00864980 = {
			isa = PBXGroup;
			children = (
				CB12B0022D05EFDB00D5F251 /* IOSTestPlan.xctestplan */,
				CBEFCE9B2CF61A2C007012AD /* WatchHARApp Watch App.entitlements */,
				CB44E9032CE68F7D00A51762 /* HAR-APP-Info.plist */,
				CB9E81BC2CE37115004A0081 /* WatchHARApp-Watch-App-Info.plist */,
				CB9601F52CDBE0E400C69719 /* Overall App */,
				CB12AFF82D05EEF400D5F251 /* HAR_APP_Unit_Tests */,
				CB05392F2CACA01E00864980 /* Products */,
			);
			sourceTree = "<group>";
		};
		CB05392F2CACA01E00864980 /* Products */ = {
			isa = PBXGroup;
			children = (
				CB05392E2CACA01E00864980 /* HAR APP.app */,
				CBD7868E2CD6CECE0034A24C /* WatchHARApp Watch App.app */,
				CB12AFF72D05EEF300D5F251 /* HAR_APP_Unit_Tests.xctest */,
			);
			name = Products;
			sourceTree = "<group>";
		};
		CB9601F52CDBE0E400C69719 /* Overall App */ = {
			isa = PBXGroup;
			children = (
				CB0539302CACA01E00864980 /* HAR APP */,
				CBD7868F2CD6CECE0034A24C /* WatchHARApp Watch App */,
				CBD786BE2CD6CF340034A24C /* Frameworks */,
			);
			path = "Overall App";
			sourceTree = "<group>";
		};
		CBD786BE2CD6CF340034A24C /* Frameworks */ = {
			isa = PBXGroup;
			children = (
				CBD786BF2CD6CF350034A24C /* WatchConnectivity.framework */,
			);
			name = Frameworks;
			sourceTree = "<group>";
		};
/* End PBXGroup section */

/* Begin PBXNativeTarget section */
		CB05392D2CACA01E00864980 /* HAR APP */ = {
			isa = PBXNativeTarget;
			buildConfigurationList = CB0539522CACA02200864980 /* Build configuration list for PBXNativeTarget "HAR APP" */;
			buildPhases = (
				CB05392A2CACA01E00864980 /* Sources */,
				CB05392B2CACA01E00864980 /* Frameworks */,
				CB05392C2CACA01E00864980 /* Resources */,
				CBD786B52CD6CED10034A24C /* Embed Watch Content */,
			);
			buildRules = (
			);
			dependencies = (
				CBD786B02CD6CED10034A24C /* PBXTargetDependency */,
			);
			fileSystemSynchronizedGroups = (
				CB0539302CACA01E00864980 /* HAR APP */,
			);
			name = "HAR APP";
			packageProductDependencies = (
				CB6BE1D22CF0D55100396F6D /* SwiftCSVEncoder */,
			);
			productName = "HAR APP";
			productReference = CB05392E2CACA01E00864980 /* HAR APP.app */;
			productType = "com.apple.product-type.application";
		};
		CB12AFF62D05EEF300D5F251 /* HAR_APP_Unit_Tests */ = {
			isa = PBXNativeTarget;
			buildConfigurationList = CB12AFFD2D05EEF400D5F251 /* Build configuration list for PBXNativeTarget "HAR_APP_Unit_Tests" */;
			buildPhases = (
				CB12AFF32D05EEF300D5F251 /* Sources */,
				CB12AFF42D05EEF300D5F251 /* Frameworks */,
				CB12AFF52D05EEF300D5F251 /* Resources */,
			);
			buildRules = (
			);
			dependencies = (
				CB12AFFC2D05EEF400D5F251 /* PBXTargetDependency */,
			);
			fileSystemSynchronizedGroups = (
				CB12AFF82D05EEF400D5F251 /* HAR_APP_Unit_Tests */,
			);
			name = HAR_APP_Unit_Tests;
			packageProductDependencies = (
			);
			productName = HAR_APP_Unit_Tests;
			productReference = CB12AFF72D05EEF300D5F251 /* HAR_APP_Unit_Tests.xctest */;
			productType = "com.apple.product-type.bundle.unit-test";
		};
		CBD7868D2CD6CECE0034A24C /* WatchHARApp Watch App */ = {
			isa = PBXNativeTarget;
			buildConfigurationList = CBD786B22CD6CED10034A24C /* Build configuration list for PBXNativeTarget "WatchHARApp Watch App" */;
			buildPhases = (
				CBD7868A2CD6CECE0034A24C /* Sources */,
				CBD7868B2CD6CECE0034A24C /* Frameworks */,
				CBD7868C2CD6CECE0034A24C /* Resources */,
			);
			buildRules = (
			);
			dependencies = (
			);
			fileSystemSynchronizedGroups = (
				CBD7868F2CD6CECE0034A24C /* WatchHARApp Watch App */,
			);
			name = "WatchHARApp Watch App";
			packageProductDependencies = (
			);
			productName = "WatchHARApp Watch App";
			productReference = CBD7868E2CD6CECE0034A24C /* WatchHARApp Watch App.app */;
			productType = "com.apple.product-type.application";
		};
/* End PBXNativeTarget section */

/* Begin PBXProject section */
		CB0539262CACA01E00864980 /* Project object */ = {
			isa = PBXProject;
			attributes = {
				BuildIndependentTargetsInParallel = 1;
				LastSwiftUpdateCheck = 1610;
				LastUpgradeCheck = 1600;
				TargetAttributes = {
					CB05392D2CACA01E00864980 = {
						CreatedOnToolsVersion = 16.0;
					};
					CB12AFF62D05EEF300D5F251 = {
						CreatedOnToolsVersion = 16.1;
						TestTargetID = CB05392D2CACA01E00864980;
					};
					CBD7868D2CD6CECE0034A24C = {
						CreatedOnToolsVersion = 16.1;
					};
				};
			};
			buildConfigurationList = CB0539292CACA01E00864980 /* Build configuration list for PBXProject "HAR APP" */;
			developmentRegion = en;
			hasScannedForEncodings = 0;
			knownRegions = (
				en,
				Base,
			);
			mainGroup = CB0539252CACA01E00864980;
			minimizedProjectReferenceProxies = 1;
			packageReferences = (
				CB6BE1D12CF0D55100396F6D /* XCRemoteSwiftPackageReference "SwiftCSVEncoder" */,
			);
			preferredProjectObjectVersion = 77;
			productRefGroup = CB05392F2CACA01E00864980 /* Products */;
			projectDirPath = "";
			projectRoot = "";
			targets = (
				CB05392D2CACA01E00864980 /* HAR APP */,
				CBD7868D2CD6CECE0034A24C /* WatchHARApp Watch App */,
				CB12AFF62D05EEF300D5F251 /* HAR_APP_Unit_Tests */,
			);
		};
/* End PBXProject section */

/* Begin PBXResourcesBuildPhase section */
		CB05392C2CACA01E00864980 /* Resources */ = {
			isa = PBXResourcesBuildPhase;
			buildActionMask = 2147483647;
			files = (
			);
			runOnlyForDeploymentPostprocessing = 0;
		};
		CB12AFF52D05EEF300D5F251 /* Resources */ = {
			isa = PBXResourcesBuildPhase;
			buildActionMask = 2147483647;
			files = (
			);
			runOnlyForDeploymentPostprocessing = 0;
		};
		CBD7868C2CD6CECE0034A24C /* Resources */ = {
			isa = PBXResourcesBuildPhase;
			buildActionMask = 2147483647;
			files = (
			);
			runOnlyForDeploymentPostprocessing = 0;
		};
/* End PBXResourcesBuildPhase section */

/* Begin PBXSourcesBuildPhase section */
		CB05392A2CACA01E00864980 /* Sources */ = {
			isa = PBXSourcesBuildPhase;
			buildActionMask = 2147483647;
			files = (
			);
			runOnlyForDeploymentPostprocessing = 0;
		};
		CB12AFF32D05EEF300D5F251 /* Sources */ = {
			isa = PBXSourcesBuildPhase;
			buildActionMask = 2147483647;
			files = (
			);
			runOnlyForDeploymentPostprocessing = 0;
		};
		CBD7868A2CD6CECE0034A24C /* Sources */ = {
			isa = PBXSourcesBuildPhase;
			buildActionMask = 2147483647;
			files = (
			);
			runOnlyForDeploymentPostprocessing = 0;
		};
/* End PBXSourcesBuildPhase section */

/* Begin PBXTargetDependency section */
		CB12AFFC2D05EEF400D5F251 /* PBXTargetDependency */ = {
			isa = PBXTargetDependency;
			target = CB05392D2CACA01E00864980 /* HAR APP */;
			targetProxy = CB12AFFB2D05EEF400D5F251 /* PBXContainerItemProxy */;
		};
		CBD786B02CD6CED10034A24C /* PBXTargetDependency */ = {
			isa = PBXTargetDependency;
			target = CBD7868D2CD6CECE0034A24C /* WatchHARApp Watch App */;
			targetProxy = CBD786AF2CD6CED10034A24C /* PBXContainerItemProxy */;
		};
/* End PBXTargetDependency section */

/* Begin XCBuildConfiguration section */
		CB0539502CACA02200864980 /* Debug */ = {
			isa = XCBuildConfiguration;
			buildSettings = {
				ALWAYS_SEARCH_USER_PATHS = NO;
				ASSETCATALOG_COMPILER_GENERATE_SWIFT_ASSET_SYMBOL_EXTENSIONS = YES;
				CLANG_ANALYZER_NONNULL = YES;
				CLANG_ANALYZER_NUMBER_OBJECT_CONVERSION = YES_AGGRESSIVE;
				CLANG_CXX_LANGUAGE_STANDARD = "gnu++20";
				CLANG_ENABLE_MODULES = YES;
				CLANG_ENABLE_OBJC_ARC = YES;
				CLANG_ENABLE_OBJC_WEAK = YES;
				CLANG_WARN_BLOCK_CAPTURE_AUTORELEASING = YES;
				CLANG_WARN_BOOL_CONVERSION = YES;
				CLANG_WARN_COMMA = YES;
				CLANG_WARN_CONSTANT_CONVERSION = YES;
				CLANG_WARN_DEPRECATED_OBJC_IMPLEMENTATIONS = YES;
				CLANG_WARN_DIRECT_OBJC_ISA_USAGE = YES_ERROR;
				CLANG_WARN_DOCUMENTATION_COMMENTS = YES;
				CLANG_WARN_EMPTY_BODY = YES;
				CLANG_WARN_ENUM_CONVERSION = YES;
				CLANG_WARN_INFINITE_RECURSION = YES;
				CLANG_WARN_INT_CONVERSION = YES;
				CLANG_WARN_NON_LITERAL_NULL_CONVERSION = YES;
				CLANG_WARN_OBJC_IMPLICIT_RETAIN_SELF = YES;
				CLANG_WARN_OBJC_LITERAL_CONVERSION = YES;
				CLANG_WARN_OBJC_ROOT_CLASS = YES_ERROR;
				CLANG_WARN_QUOTED_INCLUDE_IN_FRAMEWORK_HEADER = YES;
				CLANG_WARN_RANGE_LOOP_ANALYSIS = YES;
				CLANG_WARN_STRICT_PROTOTYPES = YES;
				CLANG_WARN_SUSPICIOUS_MOVE = YES;
				CLANG_WARN_UNGUARDED_AVAILABILITY = YES_AGGRESSIVE;
				CLANG_WARN_UNREACHABLE_CODE = YES;
				CLANG_WARN__DUPLICATE_METHOD_MATCH = YES;
				COPY_PHASE_STRIP = NO;
				DEBUG_INFORMATION_FORMAT = dwarf;
				ENABLE_STRICT_OBJC_MSGSEND = YES;
				ENABLE_TESTABILITY = YES;
				ENABLE_USER_SCRIPT_SANDBOXING = YES;
				GCC_C_LANGUAGE_STANDARD = gnu17;
				GCC_DYNAMIC_NO_PIC = NO;
				GCC_NO_COMMON_BLOCKS = YES;
				GCC_OPTIMIZATION_LEVEL = 0;
				GCC_PREPROCESSOR_DEFINITIONS = (
					"DEBUG=1",
					"$(inherited)",
				);
				GCC_WARN_64_TO_32_BIT_CONVERSION = YES;
				GCC_WARN_ABOUT_RETURN_TYPE = YES_ERROR;
				GCC_WARN_UNDECLARED_SELECTOR = YES;
				GCC_WARN_UNINITIALIZED_AUTOS = YES_AGGRESSIVE;
				GCC_WARN_UNUSED_FUNCTION = YES;
				GCC_WARN_UNUSED_VARIABLE = YES;
				IPHONEOS_DEPLOYMENT_TARGET = 18.0;
				LOCALIZATION_PREFERS_STRING_CATALOGS = YES;
				MTL_ENABLE_DEBUG_INFO = INCLUDE_SOURCE;
				MTL_FAST_MATH = YES;
				ONLY_ACTIVE_ARCH = YES;
				SDKROOT = iphoneos;
				SWIFT_ACTIVE_COMPILATION_CONDITIONS = "DEBUG $(inherited)";
				SWIFT_OPTIMIZATION_LEVEL = "-Onone";
			};
			name = Debug;
		};
		CB0539512CACA02200864980 /* Release */ = {
			isa = XCBuildConfiguration;
			buildSettings = {
				ALWAYS_SEARCH_USER_PATHS = NO;
				ASSETCATALOG_COMPILER_GENERATE_SWIFT_ASSET_SYMBOL_EXTENSIONS = YES;
				CLANG_ANALYZER_NONNULL = YES;
				CLANG_ANALYZER_NUMBER_OBJECT_CONVERSION = YES_AGGRESSIVE;
				CLANG_CXX_LANGUAGE_STANDARD = "gnu++20";
				CLANG_ENABLE_MODULES = YES;
				CLANG_ENABLE_OBJC_ARC = YES;
				CLANG_ENABLE_OBJC_WEAK = YES;
				CLANG_WARN_BLOCK_CAPTURE_AUTORELEASING = YES;
				CLANG_WARN_BOOL_CONVERSION = YES;
				CLANG_WARN_COMMA = YES;
				CLANG_WARN_CONSTANT_CONVERSION = YES;
				CLANG_WARN_DEPRECATED_OBJC_IMPLEMENTATIONS = YES;
				CLANG_WARN_DIRECT_OBJC_ISA_USAGE = YES_ERROR;
				CLANG_WARN_DOCUMENTATION_COMMENTS = YES;
				CLANG_WARN_EMPTY_BODY = YES;
				CLANG_WARN_ENUM_CONVERSION = YES;
				CLANG_WARN_INFINITE_RECURSION = YES;
				CLANG_WARN_INT_CONVERSION = YES;
				CLANG_WARN_NON_LITERAL_NULL_CONVERSION = YES;
				CLANG_WARN_OBJC_IMPLICIT_RETAIN_SELF = YES;
				CLANG_WARN_OBJC_LITERAL_CONVERSION = YES;
				CLANG_WARN_OBJC_ROOT_CLASS = YES_ERROR;
				CLANG_WARN_QUOTED_INCLUDE_IN_FRAMEWORK_HEADER = YES;
				CLANG_WARN_RANGE_LOOP_ANALYSIS = YES;
				CLANG_WARN_STRICT_PROTOTYPES = YES;
				CLANG_WARN_SUSPICIOUS_MOVE = YES;
				CLANG_WARN_UNGUARDED_AVAILABILITY = YES_AGGRESSIVE;
				CLANG_WARN_UNREACHABLE_CODE = YES;
				CLANG_WARN__DUPLICATE_METHOD_MATCH = YES;
				COPY_PHASE_STRIP = NO;
				DEBUG_INFORMATION_FORMAT = "dwarf-with-dsym";
				ENABLE_NS_ASSERTIONS = NO;
				ENABLE_STRICT_OBJC_MSGSEND = YES;
				ENABLE_USER_SCRIPT_SANDBOXING = YES;
				GCC_C_LANGUAGE_STANDARD = gnu17;
				GCC_NO_COMMON_BLOCKS = YES;
				GCC_WARN_64_TO_32_BIT_CONVERSION = YES;
				GCC_WARN_ABOUT_RETURN_TYPE = YES_ERROR;
				GCC_WARN_UNDECLARED_SELECTOR = YES;
				GCC_WARN_UNINITIALIZED_AUTOS = YES_AGGRESSIVE;
				GCC_WARN_UNUSED_FUNCTION = YES;
				GCC_WARN_UNUSED_VARIABLE = YES;
				IPHONEOS_DEPLOYMENT_TARGET = 18.0;
				LOCALIZATION_PREFERS_STRING_CATALOGS = YES;
				MTL_ENABLE_DEBUG_INFO = NO;
				MTL_FAST_MATH = YES;
				ONLY_ACTIVE_ARCH = YES;
				SDKROOT = iphoneos;
				SWIFT_COMPILATION_MODE = wholemodule;
				VALIDATE_PRODUCT = YES;
			};
			name = Release;
		};
		CB0539532CACA02200864980 /* Debug */ = {
			isa = XCBuildConfiguration;
			buildSettings = {
				ASSETCATALOG_COMPILER_APPICON_NAME = AppIcon;
				ASSETCATALOG_COMPILER_GLOBAL_ACCENT_COLOR_NAME = AccentColor;
				CODE_SIGN_ENTITLEMENTS = "HAR APP/HAR APP.entitlements";
				CODE_SIGN_STYLE = Automatic;
				CURRENT_PROJECT_VERSION = 1;
				DEVELOPMENT_ASSET_PATHS = "";
				DEVELOPMENT_TEAM = 425655S74W;
				ENABLE_PREVIEWS = YES;
				GENERATE_INFOPLIST_FILE = YES;
				INFOPLIST_FILE = "HAR-APP-Info.plist";
				INFOPLIST_KEY_NSHealthShareUsageDescription = "This app needs access to update your Health data for accurate activity tracking and analysis.";
				INFOPLIST_KEY_NSHealthUpdateUsageDescription = "This app requires access to your Health data to track and analyze your activity for better insights.";
				INFOPLIST_KEY_NSMotionUsageDescription = "This app uses motion data to track your steps.";
				INFOPLIST_KEY_UIApplicationSceneManifest_Generation = YES;
				INFOPLIST_KEY_UIApplicationSupportsIndirectInputEvents = YES;
				INFOPLIST_KEY_UILaunchScreen_Generation = YES;
				INFOPLIST_KEY_UIRequiredDeviceCapabilities = accelerometer;
				INFOPLIST_KEY_UISupportedInterfaceOrientations_iPad = "UIInterfaceOrientationPortrait UIInterfaceOrientationPortraitUpsideDown UIInterfaceOrientationLandscapeLeft UIInterfaceOrientationLandscapeRight";
				INFOPLIST_KEY_UISupportedInterfaceOrientations_iPhone = "UIInterfaceOrientationPortrait UIInterfaceOrientationLandscapeLeft UIInterfaceOrientationLandscapeRight";
				LD_RUNPATH_SEARCH_PATHS = (
					"$(inherited)",
					"@executable_path/Frameworks",
				);
				MARKETING_VERSION = 1.0;
				PRODUCT_BUNDLE_IDENTIFIER = "Tutorial.HAR-APP";
				PRODUCT_NAME = "$(TARGET_NAME)";
				SWIFT_EMIT_LOC_STRINGS = YES;
				SWIFT_VERSION = 5.0;
				TARGETED_DEVICE_FAMILY = "1,2";
			};
			name = Debug;
		};
		CB0539542CACA02200864980 /* Release */ = {
			isa = XCBuildConfiguration;
			buildSettings = {
				ASSETCATALOG_COMPILER_APPICON_NAME = AppIcon;
				ASSETCATALOG_COMPILER_GLOBAL_ACCENT_COLOR_NAME = AccentColor;
				CODE_SIGN_ENTITLEMENTS = "HAR APP/HAR APP.entitlements";
				CODE_SIGN_STYLE = Automatic;
				CURRENT_PROJECT_VERSION = 1;
				DEVELOPMENT_ASSET_PATHS = "";
				DEVELOPMENT_TEAM = 425655S74W;
				ENABLE_PREVIEWS = YES;
				GENERATE_INFOPLIST_FILE = YES;
				INFOPLIST_FILE = "HAR-APP-Info.plist";
				INFOPLIST_KEY_NSHealthShareUsageDescription = "This app needs access to update your Health data for accurate activity tracking and analysis.";
				INFOPLIST_KEY_NSHealthUpdateUsageDescription = "This app requires access to your Health data to track and analyze your activity for better insights.";
				INFOPLIST_KEY_NSMotionUsageDescription = "This app uses motion data to track your steps.";
				INFOPLIST_KEY_UIApplicationSceneManifest_Generation = YES;
				INFOPLIST_KEY_UIApplicationSupportsIndirectInputEvents = YES;
				INFOPLIST_KEY_UILaunchScreen_Generation = YES;
				INFOPLIST_KEY_UIRequiredDeviceCapabilities = accelerometer;
				INFOPLIST_KEY_UISupportedInterfaceOrientations_iPad = "UIInterfaceOrientationPortrait UIInterfaceOrientationPortraitUpsideDown UIInterfaceOrientationLandscapeLeft UIInterfaceOrientationLandscapeRight";
				INFOPLIST_KEY_UISupportedInterfaceOrientations_iPhone = "UIInterfaceOrientationPortrait UIInterfaceOrientationLandscapeLeft UIInterfaceOrientationLandscapeRight";
				LD_RUNPATH_SEARCH_PATHS = (
					"$(inherited)",
					"@executable_path/Frameworks",
				);
				MARKETING_VERSION = 1.0;
				PRODUCT_BUNDLE_IDENTIFIER = "Tutorial.HAR-APP";
				PRODUCT_NAME = "$(TARGET_NAME)";
				SWIFT_EMIT_LOC_STRINGS = YES;
				SWIFT_VERSION = 5.0;
				TARGETED_DEVICE_FAMILY = "1,2";
			};
			name = Release;
		};
		CB12AFFE2D05EEF400D5F251 /* Debug */ = {
			isa = XCBuildConfiguration;
			buildSettings = {
				BUNDLE_LOADER = "$(TEST_HOST)";
				CODE_SIGN_STYLE = Automatic;
				CURRENT_PROJECT_VERSION = 1;
				DEVELOPMENT_TEAM = 425655S74W;
				GENERATE_INFOPLIST_FILE = YES;
				IPHONEOS_DEPLOYMENT_TARGET = 18.0;
				MARKETING_VERSION = 1.0;
				PRODUCT_BUNDLE_IDENTIFIER = "Tutorial.HAR-APP-Unit-Tests";
				PRODUCT_NAME = "$(TARGET_NAME)";
				SWIFT_EMIT_LOC_STRINGS = NO;
				SWIFT_VERSION = 5.0;
				TARGETED_DEVICE_FAMILY = "1,2";
				TEST_HOST = "$(BUILT_PRODUCTS_DIR)/HAR APP.app/$(BUNDLE_EXECUTABLE_FOLDER_PATH)/HAR APP";
			};
			name = Debug;
		};
		CB12AFFF2D05EEF400D5F251 /* Release */ = {
			isa = XCBuildConfiguration;
			buildSettings = {
				BUNDLE_LOADER = "$(TEST_HOST)";
				CODE_SIGN_STYLE = Automatic;
				CURRENT_PROJECT_VERSION = 1;
				DEVELOPMENT_TEAM = 425655S74W;
				GENERATE_INFOPLIST_FILE = YES;
				IPHONEOS_DEPLOYMENT_TARGET = 18.0;
				MARKETING_VERSION = 1.0;
				PRODUCT_BUNDLE_IDENTIFIER = "Tutorial.HAR-APP-Unit-Tests";
				PRODUCT_NAME = "$(TARGET_NAME)";
				SWIFT_EMIT_LOC_STRINGS = NO;
				SWIFT_VERSION = 5.0;
				TARGETED_DEVICE_FAMILY = "1,2";
				TEST_HOST = "$(BUILT_PRODUCTS_DIR)/HAR APP.app/$(BUNDLE_EXECUTABLE_FOLDER_PATH)/HAR APP";
			};
			name = Release;
		};
		CBD786B32CD6CED10034A24C /* Debug */ = {
			isa = XCBuildConfiguration;
			buildSettings = {
				ASSETCATALOG_COMPILER_APPICON_NAME = AppIcon;
				ASSETCATALOG_COMPILER_GLOBAL_ACCENT_COLOR_NAME = AccentColor;
				CODE_SIGN_ENTITLEMENTS = "WatchHARApp Watch App/WatchHARApp Watch App.entitlements";
				CODE_SIGN_STYLE = Automatic;
				CURRENT_PROJECT_VERSION = 1;
				DEVELOPMENT_ASSET_PATHS = "\"WatchHARApp Watch App/Preview Content\"";
				DEVELOPMENT_TEAM = 425655S74W;
				ENABLE_PREVIEWS = YES;
				GENERATE_INFOPLIST_FILE = YES;
				INFOPLIST_FILE = "WatchHARApp-Watch-App-Info.plist";
				INFOPLIST_KEY_CFBundleDisplayName = WatchHARApp;
				INFOPLIST_KEY_NSHealthClinicalHealthRecordsShareUsageDescription = "This app requires access to your Health data to record your activity for better insights.";
				INFOPLIST_KEY_NSHealthShareUsageDescription = "This app requires access to your Health data to track and analyze your activity for better insights.";
				INFOPLIST_KEY_NSHealthUpdateUsageDescription = "This app needs access to update your Health data for accurate activity tracking and analysis.";
				INFOPLIST_KEY_NSLocationAlwaysAndWhenInUseUsageDescription = "This app will help you log your physical activity";
				INFOPLIST_KEY_NSLocationWhenInUseUsageDescription = "This app will help you log your physical activity";
				INFOPLIST_KEY_UISupportedInterfaceOrientations = "UIInterfaceOrientationPortrait UIInterfaceOrientationPortraitUpsideDown";
				INFOPLIST_KEY_WKCompanionAppBundleIdentifier = "Tutorial.HAR-APP";
				LD_RUNPATH_SEARCH_PATHS = (
					"$(inherited)",
					"@executable_path/Frameworks",
				);
				MARKETING_VERSION = 1.0;
				PRODUCT_BUNDLE_IDENTIFIER = "Tutorial.HAR-APP.watchkitapp";
				PRODUCT_NAME = "$(TARGET_NAME)";
				SDKROOT = watchos;
				SKIP_INSTALL = YES;
				SWIFT_EMIT_LOC_STRINGS = YES;
				SWIFT_VERSION = 5.0;
				TARGETED_DEVICE_FAMILY = 4;
				WATCHOS_DEPLOYMENT_TARGET = 10.6;
			};
			name = Debug;
		};
		CBD786B42CD6CED10034A24C /* Release */ = {
			isa = XCBuildConfiguration;
			buildSettings = {
				ASSETCATALOG_COMPILER_APPICON_NAME = AppIcon;
				ASSETCATALOG_COMPILER_GLOBAL_ACCENT_COLOR_NAME = AccentColor;
				CODE_SIGN_ENTITLEMENTS = "WatchHARApp Watch App/WatchHARApp Watch App.entitlements";
				CODE_SIGN_STYLE = Automatic;
				CURRENT_PROJECT_VERSION = 1;
				DEVELOPMENT_ASSET_PATHS = "\"WatchHARApp Watch App/Preview Content\"";
				DEVELOPMENT_TEAM = 425655S74W;
				ENABLE_PREVIEWS = YES;
				GENERATE_INFOPLIST_FILE = YES;
				INFOPLIST_FILE = "WatchHARApp-Watch-App-Info.plist";
				INFOPLIST_KEY_CFBundleDisplayName = WatchHARApp;
				INFOPLIST_KEY_NSHealthClinicalHealthRecordsShareUsageDescription = "This app requires access to your Health data to record your activity for better insights.";
				INFOPLIST_KEY_NSHealthShareUsageDescription = "This app requires access to your Health data to track and analyze your activity for better insights.";
				INFOPLIST_KEY_NSHealthUpdateUsageDescription = "This app needs access to update your Health data for accurate activity tracking and analysis.";
				INFOPLIST_KEY_NSLocationAlwaysAndWhenInUseUsageDescription = "This app will help you log your physical activity";
				INFOPLIST_KEY_NSLocationWhenInUseUsageDescription = "This app will help you log your physical activity";
				INFOPLIST_KEY_UISupportedInterfaceOrientations = "UIInterfaceOrientationPortrait UIInterfaceOrientationPortraitUpsideDown";
				INFOPLIST_KEY_WKCompanionAppBundleIdentifier = "Tutorial.HAR-APP";
				LD_RUNPATH_SEARCH_PATHS = (
					"$(inherited)",
					"@executable_path/Frameworks",
				);
				MARKETING_VERSION = 1.0;
				PRODUCT_BUNDLE_IDENTIFIER = "Tutorial.HAR-APP.watchkitapp";
				PRODUCT_NAME = "$(TARGET_NAME)";
				SDKROOT = watchos;
				SKIP_INSTALL = YES;
				SWIFT_EMIT_LOC_STRINGS = YES;
				SWIFT_VERSION = 5.0;
				TARGETED_DEVICE_FAMILY = 4;
				WATCHOS_DEPLOYMENT_TARGET = 10.6;
			};
			name = Release;
		};
/* End XCBuildConfiguration section */

/* Begin XCConfigurationList section */
		CB0539292CACA01E00864980 /* Build configuration list for PBXProject "HAR APP" */ = {
			isa = XCConfigurationList;
			buildConfigurations = (
				CB0539502CACA02200864980 /* Debug */,
				CB0539512CACA02200864980 /* Release */,
			);
			defaultConfigurationIsVisible = 0;
			defaultConfigurationName = Release;
		};
		CB0539522CACA02200864980 /* Build configuration list for PBXNativeTarget "HAR APP" */ = {
			isa = XCConfigurationList;
			buildConfigurations = (
				CB0539532CACA02200864980 /* Debug */,
				CB0539542CACA02200864980 /* Release */,
			);
			defaultConfigurationIsVisible = 0;
			defaultConfigurationName = Release;
		};
		CB12AFFD2D05EEF400D5F251 /* Build configuration list for PBXNativeTarget "HAR_APP_Unit_Tests" */ = {
			isa = XCConfigurationList;
			buildConfigurations = (
				CB12AFFE2D05EEF400D5F251 /* Debug */,
				CB12AFFF2D05EEF400D5F251 /* Release */,
			);
			defaultConfigurationIsVisible = 0;
			defaultConfigurationName = Release;
		};
		CBD786B22CD6CED10034A24C /* Build configuration list for PBXNativeTarget "WatchHARApp Watch App" */ = {
			isa = XCConfigurationList;
			buildConfigurations = (
				CBD786B32CD6CED10034A24C /* Debug */,
				CBD786B42CD6CED10034A24C /* Release */,
			);
			defaultConfigurationIsVisible = 0;
			defaultConfigurationName = Release;
		};
/* End XCConfigurationList section */

/* Begin XCRemoteSwiftPackageReference section */
		CB6BE1D12CF0D55100396F6D /* XCRemoteSwiftPackageReference "SwiftCSVEncoder" */ = {
			isa = XCRemoteSwiftPackageReference;
			repositoryURL = "https://github.com/scottmatthewman/SwiftCSVEncoder";
			requirement = {
				kind = upToNextMajorVersion;
				minimumVersion = 0.2.0;
			};
		};
/* End XCRemoteSwiftPackageReference section */

/* Begin XCSwiftPackageProductDependency section */
		CB6BE1D22CF0D55100396F6D /* SwiftCSVEncoder */ = {
			isa = XCSwiftPackageProductDependency;
			package = CB6BE1D12CF0D55100396F6D /* XCRemoteSwiftPackageReference "SwiftCSVEncoder" */;
			productName = SwiftCSVEncoder;
		};
/* End XCSwiftPackageProductDependency section */
	};
	rootObject = CB0539262CACA01E00864980 /* Project object */;
}
